
Microsoft Visual Studio Solution File, Format Version 12.00
# Visual Studio Version 17
VisualStudioVersion = 17.14.36511.14
MinimumVisualStudioVersion = 10.0.40219.1
Project("{FAE04EC0-301F-11D3-BF4B-00C04F79EFBC}") = "WebApi", "WebApi.csproj", "{C8A37293-8FC5-4EB0-8D9A-BB016F98B9C5}"
EndProject
Global
	GlobalSection(SolutionConfigurationPlatforms) = preSolution
		Debug|Any CPU = Debug|Any CPU
		Release|Any CPU = Release|Any CPU
	EndGlobalSection
	GlobalSection(ProjectConfigurationPlatforms) = postSolution
		{C8A37293-8FC5-4EB0-8D9A-BB016F98B9C5}.Debug|Any CPU.ActiveCfg = Debug|Any CPU
		{C8A37293-8FC5-4EB0-8D9A-BB016F98B9C5}.Debug|Any CPU.Build.0 = Debug|Any CPU
		{C8A37293-8FC5-4EB0-8D9A-BB016F98B9C5}.Release|Any CPU.ActiveCfg = Release|Any CPU
		{C8A37293-8FC5-4EB0-8D9A-BB016F98B9C5}.Release|Any CPU.Build.0 = Release|Any CPU
	EndGlobalSection
	GlobalSection(SolutionProperties) = preSolution
		HideSolutionNode = FALSE
	EndGlobalSection
	GlobalSection(ExtensibilityGlobals) = postSolution
		SolutionGuid = {67606399-EE46-437B-8720-E7EFE995BB07}
	EndGlobalSection
EndGlobal
